
Microsoft Visual Studio Solution File, Format Version 12.00
# Visual Studio Version 17
VisualStudioVersion = 17.5.002.0
MinimumVisualStudioVersion = 10.0.40219.1
Project("{9A19103F-16F7-4668-BE54-9A1E7A4F7556}") = "api", "api\api.csproj", "{F04AEFED-B80C-4040-8EA3-FB1D42873A57}"
EndProject
Global
	GlobalSection(SolutionConfigurationPlatforms) = preSolution
		Debug|Any CPU = Debug|Any CPU
		Release|Any CPU = Release|Any CPU
	EndGlobalSection
	GlobalSection(ProjectConfigurationPlatforms) = postSolution
		{F04AEFED-B80C-4040-8EA3-FB1D42873A57}.Debug|Any CPU.ActiveCfg = Debug|Any CPU
		{F04AEFED-B80C-4040-8EA3-FB1D42873A57}.Debug|Any CPU.Build.0 = Debug|Any CPU
		{F04AEFED-B80C-4040-8EA3-FB1D42873A57}.Release|Any CPU.ActiveCfg = Release|Any CPU
		{F04AEFED-B80C-4040-8EA3-FB1D42873A57}.Release|Any CPU.Build.0 = Release|Any CPU
	EndGlobalSection
	GlobalSection(SolutionProperties) = preSolution
		HideSolutionNode = FALSE
	EndGlobalSection
	GlobalSection(ExtensibilityGlobals) = postSolution
		SolutionGuid = {E1F62DC5-8CBD-4F7F-A295-464057CADF83}
	EndGlobalSection
EndGlobal
